<Solution>
  <Folder Name="/services/" />
  <Folder Name="/services/Basket/">
    <Project Path="services/Basket/Basket.API/Basket.API.csproj" Id="fafafe5b-65bd-42d4-91aa-28a56c91ed32" />
    <Project Path="services/Basket/Basket.Application/Basket.Application.csproj" Id="bd2e9bfa-4ad4-4249-98b2-1e1c00238be5" />
    <Project Path="services/Basket/Basket.Core/Basket.Core.csproj" Id="fd99acd5-a766-4065-be12-ce6948f81c1e" />
    <Project Path="services/Basket/Basket.Infrastructure/Basket.Infrastructure.csproj" Id="fe8a50ba-83d8-46a0-b090-57015dc0403d" />
  </Folder>
  <Folder Name="/services/catalog/">
    <Project Path="Catalog.Infrastructure/Catalog.Infrastructure.csproj" />
    <Project Path="services/catalog/Catalog.API/Catalog.API.csproj" />
    <Project Path="services/catalog/Catalog.Application/Catalog.Application.csproj" />
    <Project Path="services/catalog/Catalog.Core/Catalog.Core.csproj" />
  </Folder>
  <Folder Name="/services/Discount/">
    <Project Path="services/Discount/Discount.API/Discount.API.csproj" Id="4a5bec2a-a744-4f2b-a34d-e40ea248aa1d" />
    <Project Path="services/Discount/Discount.Application/Discount.Application.csproj" Id="d3fd6887-ed0d-443e-92bf-9aecc6323ed3" />
    <Project Path="services/Discount/Discount.Core/Discount.Core.csproj" Id="8c6ddbe6-ca60-46e9-8d66-bbf9a71494c8" />
    <Project Path="services/Discount/Discount.Infrastructure/Discount.Infrastructure.csproj" Id="4b0a8478-5840-4e99-b975-d6b50ef4bb09" />
  </Folder>
  <Project Path="docker-compose.dcproj">
    <Build />
  </Project>
</Solution>
